
Microsoft Visual Studio Solution File, Format Version 12.00
# Visual Studio Version 17
VisualStudioVersion = 17.10.35013.160
MinimumVisualStudioVersion = 10.0.40219.1
Project("{FAE04EC0-301F-11D3-BF4B-00C04F79EFBC}") = "SatchSDKCore", "src\SatchSDKCore\SatchSDKCore.csproj", "{C32C6EA5-2BB3-DDA9-18B0-39A5494A3A13}"
EndProject
Project("{2150E333-8FDC-42A3-9474-1A3956D46DE8}") = "src", "src", "{02EA681E-C7D8-13C7-8484-4AC65E1B71E8}"
EndProject
Project("{2150E333-8FDC-42A3-9474-1A3956D46DE8}") = "tests", "tests", "{0AB3BF05-4346-4AA6-1389-037BE0695223}"
EndProject
Project("{FAE04EC0-301F-11D3-BF4B-00C04F79EFBC}") = "SatchSDKCore.Tests", "tests\SatchSDKCore.Tests\SatchSDKCore.Tests.csproj", "{6232BF0C-6722-4BFC-B715-B2CE8572B178}"
EndProject
Project("{FAE04EC0-301F-11D3-BF4B-00C04F79EFBC}") = "DemoApp", "tests\DemoApp\DemoApp.csproj", "{D67EE3FA-4C92-4F1D-A0F3-24244867FB8F}"
EndProject
Project("{FAE04EC0-301F-11D3-BF4B-00C04F79EFBC}") = "SatchSDKCore.Db", "src\SatchSDKCore.Db\SatchSDKCore.Db.csproj", "{0DF66315-9206-4986-8469-CA77009F7C04}"
EndProject
Project("{FAE04EC0-301F-11D3-BF4B-00C04F79EFBC}") = "SatchSDKCore.Db.Tests", "tests\SatchSDKCore.Db.Tests\SatchSDKCore.Db.Tests.csproj", "{919E244D-4F63-4588-BC5D-04F51652FC47}"
EndProject
Global
	GlobalSection(SolutionConfigurationPlatforms) = preSolution
		Debug|Any CPU = Debug|Any CPU
		Debug|x64 = Debug|x64
		Debug|x86 = Debug|x86
		Release|Any CPU = Release|Any CPU
		Release|x64 = Release|x64
		Release|x86 = Release|x86
	EndGlobalSection
	GlobalSection(ProjectConfigurationPlatforms) = postSolution
		{C32C6EA5-2BB3-DDA9-18B0-39A5494A3A13}.Debug|Any CPU.ActiveCfg = Debug|Any CPU
		{C32C6EA5-2BB3-DDA9-18B0-39A5494A3A13}.Debug|Any CPU.Build.0 = Debug|Any CPU
		{C32C6EA5-2BB3-DDA9-18B0-39A5494A3A13}.Debug|x64.ActiveCfg = Debug|Any CPU
		{C32C6EA5-2BB3-DDA9-18B0-39A5494A3A13}.Debug|x64.Build.0 = Debug|Any CPU
		{C32C6EA5-2BB3-DDA9-18B0-39A5494A3A13}.Debug|x86.ActiveCfg = Debug|Any CPU
		{C32C6EA5-2BB3-DDA9-18B0-39A5494A3A13}.Debug|x86.Build.0 = Debug|Any CPU
		{C32C6EA5-2BB3-DDA9-18B0-39A5494A3A13}.Release|Any CPU.ActiveCfg = Release|Any CPU
		{C32C6EA5-2BB3-DDA9-18B0-39A5494A3A13}.Release|Any CPU.Build.0 = Release|Any CPU
		{C32C6EA5-2BB3-DDA9-18B0-39A5494A3A13}.Release|x64.ActiveCfg = Release|Any CPU
		{C32C6EA5-2BB3-DDA9-18B0-39A5494A3A13}.Release|x64.Build.0 = Release|Any CPU
		{C32C6EA5-2BB3-DDA9-18B0-39A5494A3A13}.Release|x86.ActiveCfg = Release|Any CPU
		{C32C6EA5-2BB3-DDA9-18B0-39A5494A3A13}.Release|x86.Build.0 = Release|Any CPU
		{6232BF0C-6722-4BFC-B715-B2CE8572B178}.Debug|Any CPU.ActiveCfg = Debug|Any CPU
		{6232BF0C-6722-4BFC-B715-B2CE8572B178}.Debug|Any CPU.Build.0 = Debug|Any CPU
		{6232BF0C-6722-4BFC-B715-B2CE8572B178}.Debug|x64.ActiveCfg = Debug|Any CPU
		{6232BF0C-6722-4BFC-B715-B2CE8572B178}.Debug|x64.Build.0 = Debug|Any CPU
		{6232BF0C-6722-4BFC-B715-B2CE8572B178}.Debug|x86.ActiveCfg = Debug|Any CPU
		{6232BF0C-6722-4BFC-B715-B2CE8572B178}.Debug|x86.Build.0 = Debug|Any CPU
		{6232BF0C-6722-4BFC-B715-B2CE8572B178}.Release|Any CPU.ActiveCfg = Release|Any CPU
		{6232BF0C-6722-4BFC-B715-B2CE8572B178}.Release|Any CPU.Build.0 = Release|Any CPU
		{6232BF0C-6722-4BFC-B715-B2CE8572B178}.Release|x64.ActiveCfg = Release|Any CPU
		{6232BF0C-6722-4BFC-B715-B2CE8572B178}.Release|x64.Build.0 = Release|Any CPU
		{6232BF0C-6722-4BFC-B715-B2CE8572B178}.Release|x86.ActiveCfg = Release|Any CPU
		{6232BF0C-6722-4BFC-B715-B2CE8572B178}.Release|x86.Build.0 = Release|Any CPU
		{D67EE3FA-4C92-4F1D-A0F3-24244867FB8F}.Debug|Any CPU.ActiveCfg = Debug|Any CPU
		{D67EE3FA-4C92-4F1D-A0F3-24244867FB8F}.Debug|Any CPU.Build.0 = Debug|Any CPU
		{D67EE3FA-4C92-4F1D-A0F3-24244867FB8F}.Debug|x64.ActiveCfg = Debug|Any CPU
		{D67EE3FA-4C92-4F1D-A0F3-24244867FB8F}.Debug|x64.Build.0 = Debug|Any CPU
		{D67EE3FA-4C92-4F1D-A0F3-24244867FB8F}.Debug|x86.ActiveCfg = Debug|Any CPU
		{D67EE3FA-4C92-4F1D-A0F3-24244867FB8F}.Debug|x86.Build.0 = Debug|Any CPU
		{D67EE3FA-4C92-4F1D-A0F3-24244867FB8F}.Release|Any CPU.ActiveCfg = Release|Any CPU
		{D67EE3FA-4C92-4F1D-A0F3-24244867FB8F}.Release|Any CPU.Build.0 = Release|Any CPU
		{D67EE3FA-4C92-4F1D-A0F3-24244867FB8F}.Release|x64.ActiveCfg = Release|Any CPU
		{D67EE3FA-4C92-4F1D-A0F3-24244867FB8F}.Release|x64.Build.0 = Release|Any CPU
		{D67EE3FA-4C92-4F1D-A0F3-24244867FB8F}.Release|x86.ActiveCfg = Release|Any CPU
		{D67EE3FA-4C92-4F1D-A0F3-24244867FB8F}.Release|x86.Build.0 = Release|Any CPU
		{0DF66315-9206-4986-8469-CA77009F7C04}.Debug|Any CPU.ActiveCfg = Debug|Any CPU
		{0DF66315-9206-4986-8469-CA77009F7C04}.Debug|Any CPU.Build.0 = Debug|Any CPU
		{0DF66315-9206-4986-8469-CA77009F7C04}.Debug|x64.ActiveCfg = Debug|Any CPU
		{0DF66315-9206-4986-8469-CA77009F7C04}.Debug|x64.Build.0 = Debug|Any CPU
		{0DF66315-9206-4986-8469-CA77009F7C04}.Debug|x86.ActiveCfg = Debug|Any CPU
		{0DF66315-9206-4986-8469-CA77009F7C04}.Debug|x86.Build.0 = Debug|Any CPU
		{0DF66315-9206-4986-8469-CA77009F7C04}.Release|Any CPU.ActiveCfg = Release|Any CPU
		{0DF66315-9206-4986-8469-CA77009F7C04}.Release|Any CPU.Build.0 = Release|Any CPU
		{0DF66315-9206-4986-8469-CA77009F7C04}.Release|x64.ActiveCfg = Release|Any CPU
		{0DF66315-9206-4986-8469-CA77009F7C04}.Release|x64.Build.0 = Release|Any CPU
		{0DF66315-9206-4986-8469-CA77009F7C04}.Release|x86.ActiveCfg = Release|Any CPU
		{0DF66315-9206-4986-8469-CA77009F7C04}.Release|x86.Build.0 = Release|Any CPU
		{919E244D-4F63-4588-BC5D-04F51652FC47}.Debug|Any CPU.ActiveCfg = Debug|Any CPU
		{919E244D-4F63-4588-BC5D-04F51652FC47}.Debug|Any CPU.Build.0 = Debug|Any CPU
		{919E244D-4F63-4588-BC5D-04F51652FC47}.Debug|x64.ActiveCfg = Debug|Any CPU
		{919E244D-4F63-4588-BC5D-04F51652FC47}.Debug|x64.Build.0 = Debug|Any CPU
		{919E244D-4F63-4588-BC5D-04F51652FC47}.Debug|x86.ActiveCfg = Debug|Any CPU
		{919E244D-4F63-4588-BC5D-04F51652FC47}.Debug|x86.Build.0 = Debug|Any CPU
		{919E244D-4F63-4588-BC5D-04F51652FC47}.Release|Any CPU.ActiveCfg = Release|Any CPU
		{919E244D-4F63-4588-BC5D-04F51652FC47}.Release|Any CPU.Build.0 = Release|Any CPU
		{919E244D-4F63-4588-BC5D-04F51652FC47}.Release|x64.ActiveCfg = Release|Any CPU
		{919E244D-4F63-4588-BC5D-04F51652FC47}.Release|x64.Build.0 = Release|Any CPU
		{919E244D-4F63-4588-BC5D-04F51652FC47}.Release|x86.ActiveCfg = Release|Any CPU
		{919E244D-4F63-4588-BC5D-04F51652FC47}.Release|x86.Build.0 = Release|Any CPU
	EndGlobalSection
	GlobalSection(SolutionProperties) = preSolution
		HideSolutionNode = FALSE
	EndGlobalSection
	GlobalSection(NestedProjects) = preSolution
		{C32C6EA5-2BB3-DDA9-18B0-39A5494A3A13} = {02EA681E-C7D8-13C7-8484-4AC65E1B71E8}
		{6232BF0C-6722-4BFC-B715-B2CE8572B178} = {0AB3BF05-4346-4AA6-1389-037BE0695223}
		{D67EE3FA-4C92-4F1D-A0F3-24244867FB8F} = {0AB3BF05-4346-4AA6-1389-037BE0695223}
		{0DF66315-9206-4986-8469-CA77009F7C04} = {02EA681E-C7D8-13C7-8484-4AC65E1B71E8}
		{919E244D-4F63-4588-BC5D-04F51652FC47} = {0AB3BF05-4346-4AA6-1389-037BE0695223}
	EndGlobalSection
	GlobalSection(ExtensibilityGlobals) = postSolution
		SolutionGuid = {34545473-25A3-4412-95D1-8E2613E99249}
	EndGlobalSection
EndGlobal
